
Microsoft Visual Studio Solution File, Format Version 12.00
# Visual Studio Version 16
VisualStudioVersion = 16.0.31402.337
MinimumVisualStudioVersion = 10.0.40219.1
Project("{FAE04EC0-301F-11D3-BF4B-00C04F79EFBC}") = "GIF-Maker", "GIF-Maker\GIF-Maker.csproj", "{05DE8489-2FD3-4853-AC79-563AF53EA927}"
EndProject
Global
	GlobalSection(SolutionConfigurationPlatforms) = preSolution
		Debug|Any CPU = Debug|Any CPU
		Release|Any CPU = Release|Any CPU
	EndGlobalSection
	GlobalSection(ProjectConfigurationPlatforms) = postSolution
		{05DE8489-2FD3-4853-AC79-563AF53EA927}.Debug|Any CPU.ActiveCfg = Debug|Any CPU
		{05DE8489-2FD3-4853-AC79-563AF53EA927}.Debug|Any CPU.Build.0 = Debug|Any CPU
		{05DE8489-2FD3-4853-AC79-563AF53EA927}.Release|Any CPU.ActiveCfg = Release|Any CPU
		{05DE8489-2FD3-4853-AC79-563AF53EA927}.Release|Any CPU.Build.0 = Release|Any CPU
	EndGlobalSection
	GlobalSection(SolutionProperties) = preSolution
		HideSolutionNode = FALSE
	EndGlobalSection
	GlobalSection(ExtensibilityGlobals) = postSolution
		SolutionGuid = {3123087A-A877-4D7D-8059-6AF29EA14D47}
	EndGlobalSection
EndGlobal
